
Microsoft Visual Studio Solution File, Format Version 12.00
# Visual Studio Version 17
VisualStudioVersion = 17.0.31912.275
MinimumVisualStudioVersion = 10.0.40219.1
Project("{2150E333-8FDC-42A3-9474-1A3956D46DE8}") = "Data", "Data", "{EE149549-9D60-4111-8D48-476F0A2CEB29}"
EndProject
Project("{2150E333-8FDC-42A3-9474-1A3956D46DE8}") = "Services", "Services", "{378F118A-A533-4399-A948-C350FD15B601}"
EndProject
Project("{2150E333-8FDC-42A3-9474-1A3956D46DE8}") = "Shared", "Shared", "{4C4C5BF5-067E-4D83-8F64-109D48E013EB}"
EndProject
Project("{E53339B2-1760-4266-BCC7-CA923CBCF16C}") = "docker-compose", "docker-compose.dcproj", "{C5E7350E-3D85-42D5-8B93-B51871A80901}"
EndProject
Project("{2150E333-8FDC-42A3-9474-1A3956D46DE8}") = "App", "App", "{06B26D90-A675-4619-ABF3-0A260FBEAAC2}"
	ProjectSection(SolutionItems) = preProject
		.editorconfig = .editorconfig
		env.api = env.api
		env.identity = env.identity
		env.worker = env.worker
	EndProjectSection
EndProject
Project("{2150E333-8FDC-42A3-9474-1A3956D46DE8}") = "Systems", "Systems", "{6D24F9C2-B542-4E57-8D20-9E5FA2B04462}"
EndProject
Project("{2150E333-8FDC-42A3-9474-1A3956D46DE8}") = "Api", "Api", "{2217CF52-FBE1-403C-A2BF-81687C29A4E0}"
EndProject
Project("{2150E333-8FDC-42A3-9474-1A3956D46DE8}") = "Identity", "Identity", "{23896D26-94D7-47CF-A8F7-9631EB3AF026}"
EndProject
Project("{9A19103F-16F7-4668-BE54-9A1E7A4F7556}") = "DSRNetSchool.Common", "Shared\DSRNetSchool.Common\DSRNetSchool.Common.csproj", "{E670E43D-17D8-4E26-B240-8242CE52E734}"
EndProject
Project("{9A19103F-16F7-4668-BE54-9A1E7A4F7556}") = "DSRNetSchool.API", "Systems\Api\DSRNetSchool.API\DSRNetSchool.API.csproj", "{BDF357AD-5DF9-4CE2-82C2-4667E6F10DA2}"
EndProject
Project("{9A19103F-16F7-4668-BE54-9A1E7A4F7556}") = "DSRNetSchool.Identity", "Systems\Identity\DSRNetSchool.Identity\DSRNetSchool.Identity.csproj", "{B7E08FE1-5DA6-4F01-AA64-78A8DD2F42B4}"
EndProject
Project("{9A19103F-16F7-4668-BE54-9A1E7A4F7556}") = "DSRNetSchool.Settings", "Services\DSRNetSchool.Settings\DSRNetSchool.Settings.csproj", "{BF497056-92D1-4064-A9D3-ACCAB3AE5DBA}"
EndProject
Project("{9A19103F-16F7-4668-BE54-9A1E7A4F7556}") = "DSRNetSchool.Db.Entities", "Data\DSRNetSchool.Db.Domain\DSRNetSchool.Db.Entities.csproj", "{0A4D5D99-8164-4A89-917F-7849CA34CEED}"
EndProject
Project("{9A19103F-16F7-4668-BE54-9A1E7A4F7556}") = "DSRNetSchool.Db.Context", "Data\DSRNetSchool.Db.Context\DSRNetSchool.Db.Context.csproj", "{55900908-BC0D-4848-8532-23D018695685}"
EndProject
Project("{9A19103F-16F7-4668-BE54-9A1E7A4F7556}") = "DSRNetSchool.BookService", "Services\DSRNetSchool.BookService\DSRNetSchool.BookService.csproj", "{5A12A417-F7E3-4E1F-8184-1D78E5BB32CB}"
EndProject
Project("{9A19103F-16F7-4668-BE54-9A1E7A4F7556}") = "DSRNetSchool.AuthorService", "Services\DSRNetSchool.AuthorService\DSRNetSchool.AuthorService.csproj", "{46ED2C15-33F0-46CE-A658-C1F0F1B39712}"
EndProject
Project("{2150E333-8FDC-42A3-9474-1A3956D46DE8}") = "Web", "Web", "{8B7ED675-672F-41F0-9DAF-6083FFE99C34}"
EndProject
Project("{9A19103F-16F7-4668-BE54-9A1E7A4F7556}") = "DSRNetSchool.Web", "Systems\Web\DSRNetSchool.Web\DSRNetSchool.Web.csproj", "{C98071D4-712B-436D-A7DB-DCFDF1D614AD}"
EndProject
Project("{2150E333-8FDC-42A3-9474-1A3956D46DE8}") = "Test", "Test", "{1BB1D074-7E2C-4B48-9ADB-0DD4C19031C3}"
EndProject
Project("{9A19103F-16F7-4668-BE54-9A1E7A4F7556}") = "DSRNetSchool.Api.Test", "Test\DSRNetSchool.Api.Test\DSRNetSchool.Api.Test.csproj", "{96061494-9042-4044-82D3-E19301B7A90A}"
EndProject
Project("{2150E333-8FDC-42A3-9474-1A3956D46DE8}") = "Worker", "Worker", "{C26132F2-9103-4D96-AA7F-5F1B55B790F6}"
EndProject
Project("{9A19103F-16F7-4668-BE54-9A1E7A4F7556}") = "DSRNetSchool.Worker", "Systems\Worker\DSRNetSchool.Worker\DSRNetSchool.Worker.csproj", "{D7E7ECFF-2EFA-48AA-8151-7D23466657BF}"
EndProject
Project("{9A19103F-16F7-4668-BE54-9A1E7A4F7556}") = "DSRNetSchool.RabbitMqService", "Services\DSRNetSchool.RabbitMQService\DSRNetSchool.RabbitMqService.csproj", "{BDD5442D-5DB6-4D65-A333-7786737CFA6F}"
EndProject
Project("{9A19103F-16F7-4668-BE54-9A1E7A4F7556}") = "DSRNetSchool.EmailService", "Services\DSRNetSchool.SMTPService\DSRNetSchool.EmailService.csproj", "{35DB4600-E48A-493C-A405-6A506A7E0444}"
EndProject
Project("{9A19103F-16F7-4668-BE54-9A1E7A4F7556}") = "DSRNetSchool.UserAccount", "Services\DSRNetSchool.UserAccount\DSRNetSchool.UserAccount.csproj", "{2D370BDE-6B71-4447-B804-0AFE7FC3E61C}"
EndProject
Global
	GlobalSection(SolutionConfigurationPlatforms) = preSolution
		Debug|Any CPU = Debug|Any CPU
		Release|Any CPU = Release|Any CPU
	EndGlobalSection
	GlobalSection(ProjectConfigurationPlatforms) = postSolution
		{C5E7350E-3D85-42D5-8B93-B51871A80901}.Debug|Any CPU.ActiveCfg = Debug|Any CPU
		{C5E7350E-3D85-42D5-8B93-B51871A80901}.Debug|Any CPU.Build.0 = Debug|Any CPU
		{C5E7350E-3D85-42D5-8B93-B51871A80901}.Release|Any CPU.ActiveCfg = Release|Any CPU
		{C5E7350E-3D85-42D5-8B93-B51871A80901}.Release|Any CPU.Build.0 = Release|Any CPU
		{E670E43D-17D8-4E26-B240-8242CE52E734}.Debug|Any CPU.ActiveCfg = Debug|Any CPU
		{E670E43D-17D8-4E26-B240-8242CE52E734}.Debug|Any CPU.Build.0 = Debug|Any CPU
		{E670E43D-17D8-4E26-B240-8242CE52E734}.Release|Any CPU.ActiveCfg = Release|Any CPU
		{E670E43D-17D8-4E26-B240-8242CE52E734}.Release|Any CPU.Build.0 = Release|Any CPU
		{BDF357AD-5DF9-4CE2-82C2-4667E6F10DA2}.Debug|Any CPU.ActiveCfg = Debug|Any CPU
		{BDF357AD-5DF9-4CE2-82C2-4667E6F10DA2}.Debug|Any CPU.Build.0 = Debug|Any CPU
		{BDF357AD-5DF9-4CE2-82C2-4667E6F10DA2}.Release|Any CPU.ActiveCfg = Release|Any CPU
		{BDF357AD-5DF9-4CE2-82C2-4667E6F10DA2}.Release|Any CPU.Build.0 = Release|Any CPU
		{B7E08FE1-5DA6-4F01-AA64-78A8DD2F42B4}.Debug|Any CPU.ActiveCfg = Debug|Any CPU
		{B7E08FE1-5DA6-4F01-AA64-78A8DD2F42B4}.Debug|Any CPU.Build.0 = Debug|Any CPU
		{B7E08FE1-5DA6-4F01-AA64-78A8DD2F42B4}.Release|Any CPU.ActiveCfg = Release|Any CPU
		{B7E08FE1-5DA6-4F01-AA64-78A8DD2F42B4}.Release|Any CPU.Build.0 = Release|Any CPU
		{BF497056-92D1-4064-A9D3-ACCAB3AE5DBA}.Debug|Any CPU.ActiveCfg = Debug|Any CPU
		{BF497056-92D1-4064-A9D3-ACCAB3AE5DBA}.Debug|Any CPU.Build.0 = Debug|Any CPU
		{BF497056-92D1-4064-A9D3-ACCAB3AE5DBA}.Release|Any CPU.ActiveCfg = Release|Any CPU
		{BF497056-92D1-4064-A9D3-ACCAB3AE5DBA}.Release|Any CPU.Build.0 = Release|Any CPU
		{0A4D5D99-8164-4A89-917F-7849CA34CEED}.Debug|Any CPU.ActiveCfg = Debug|Any CPU
		{0A4D5D99-8164-4A89-917F-7849CA34CEED}.Debug|Any CPU.Build.0 = Debug|Any CPU
		{0A4D5D99-8164-4A89-917F-7849CA34CEED}.Release|Any CPU.ActiveCfg = Release|Any CPU
		{0A4D5D99-8164-4A89-917F-7849CA34CEED}.Release|Any CPU.Build.0 = Release|Any CPU
		{55900908-BC0D-4848-8532-23D018695685}.Debug|Any CPU.ActiveCfg = Debug|Any CPU
		{55900908-BC0D-4848-8532-23D018695685}.Debug|Any CPU.Build.0 = Debug|Any CPU
		{55900908-BC0D-4848-8532-23D018695685}.Release|Any CPU.ActiveCfg = Release|Any CPU
		{55900908-BC0D-4848-8532-23D018695685}.Release|Any CPU.Build.0 = Release|Any CPU
		{5A12A417-F7E3-4E1F-8184-1D78E5BB32CB}.Debug|Any CPU.ActiveCfg = Debug|Any CPU
		{5A12A417-F7E3-4E1F-8184-1D78E5BB32CB}.Debug|Any CPU.Build.0 = Debug|Any CPU
		{5A12A417-F7E3-4E1F-8184-1D78E5BB32CB}.Release|Any CPU.ActiveCfg = Release|Any CPU
		{5A12A417-F7E3-4E1F-8184-1D78E5BB32CB}.Release|Any CPU.Build.0 = Release|Any CPU
		{46ED2C15-33F0-46CE-A658-C1F0F1B39712}.Debug|Any CPU.ActiveCfg = Debug|Any CPU
		{46ED2C15-33F0-46CE-A658-C1F0F1B39712}.Debug|Any CPU.Build.0 = Debug|Any CPU
		{46ED2C15-33F0-46CE-A658-C1F0F1B39712}.Release|Any CPU.ActiveCfg = Release|Any CPU
		{46ED2C15-33F0-46CE-A658-C1F0F1B39712}.Release|Any CPU.Build.0 = Release|Any CPU
		{C98071D4-712B-436D-A7DB-DCFDF1D614AD}.Debug|Any CPU.ActiveCfg = Debug|Any CPU
		{C98071D4-712B-436D-A7DB-DCFDF1D614AD}.Debug|Any CPU.Build.0 = Debug|Any CPU
		{C98071D4-712B-436D-A7DB-DCFDF1D614AD}.Release|Any CPU.ActiveCfg = Release|Any CPU
		{C98071D4-712B-436D-A7DB-DCFDF1D614AD}.Release|Any CPU.Build.0 = Release|Any CPU
		{96061494-9042-4044-82D3-E19301B7A90A}.Debug|Any CPU.ActiveCfg = Debug|Any CPU
		{96061494-9042-4044-82D3-E19301B7A90A}.Debug|Any CPU.Build.0 = Debug|Any CPU
		{96061494-9042-4044-82D3-E19301B7A90A}.Release|Any CPU.ActiveCfg = Release|Any CPU
		{96061494-9042-4044-82D3-E19301B7A90A}.Release|Any CPU.Build.0 = Release|Any CPU
		{D7E7ECFF-2EFA-48AA-8151-7D23466657BF}.Debug|Any CPU.ActiveCfg = Debug|Any CPU
		{D7E7ECFF-2EFA-48AA-8151-7D23466657BF}.Debug|Any CPU.Build.0 = Debug|Any CPU
		{D7E7ECFF-2EFA-48AA-8151-7D23466657BF}.Release|Any CPU.ActiveCfg = Release|Any CPU
		{D7E7ECFF-2EFA-48AA-8151-7D23466657BF}.Release|Any CPU.Build.0 = Release|Any CPU
		{BDD5442D-5DB6-4D65-A333-7786737CFA6F}.Debug|Any CPU.ActiveCfg = Debug|Any CPU
		{BDD5442D-5DB6-4D65-A333-7786737CFA6F}.Debug|Any CPU.Build.0 = Debug|Any CPU
		{BDD5442D-5DB6-4D65-A333-7786737CFA6F}.Release|Any CPU.ActiveCfg = Release|Any CPU
		{BDD5442D-5DB6-4D65-A333-7786737CFA6F}.Release|Any CPU.Build.0 = Release|Any CPU
		{35DB4600-E48A-493C-A405-6A506A7E0444}.Debug|Any CPU.ActiveCfg = Debug|Any CPU
		{35DB4600-E48A-493C-A405-6A506A7E0444}.Debug|Any CPU.Build.0 = Debug|Any CPU
		{35DB4600-E48A-493C-A405-6A506A7E0444}.Release|Any CPU.ActiveCfg = Release|Any CPU
		{35DB4600-E48A-493C-A405-6A506A7E0444}.Release|Any CPU.Build.0 = Release|Any CPU
		{2D370BDE-6B71-4447-B804-0AFE7FC3E61C}.Debug|Any CPU.ActiveCfg = Debug|Any CPU
		{2D370BDE-6B71-4447-B804-0AFE7FC3E61C}.Debug|Any CPU.Build.0 = Debug|Any CPU
		{2D370BDE-6B71-4447-B804-0AFE7FC3E61C}.Release|Any CPU.ActiveCfg = Release|Any CPU
		{2D370BDE-6B71-4447-B804-0AFE7FC3E61C}.Release|Any CPU.Build.0 = Release|Any CPU
	EndGlobalSection
	GlobalSection(SolutionProperties) = preSolution
		HideSolutionNode = FALSE
	EndGlobalSection
	GlobalSection(NestedProjects) = preSolution
		{C5E7350E-3D85-42D5-8B93-B51871A80901} = {06B26D90-A675-4619-ABF3-0A260FBEAAC2}
		{2217CF52-FBE1-403C-A2BF-81687C29A4E0} = {6D24F9C2-B542-4E57-8D20-9E5FA2B04462}
		{23896D26-94D7-47CF-A8F7-9631EB3AF026} = {6D24F9C2-B542-4E57-8D20-9E5FA2B04462}
		{E670E43D-17D8-4E26-B240-8242CE52E734} = {4C4C5BF5-067E-4D83-8F64-109D48E013EB}
		{BDF357AD-5DF9-4CE2-82C2-4667E6F10DA2} = {2217CF52-FBE1-403C-A2BF-81687C29A4E0}
		{B7E08FE1-5DA6-4F01-AA64-78A8DD2F42B4} = {23896D26-94D7-47CF-A8F7-9631EB3AF026}
		{BF497056-92D1-4064-A9D3-ACCAB3AE5DBA} = {378F118A-A533-4399-A948-C350FD15B601}
		{0A4D5D99-8164-4A89-917F-7849CA34CEED} = {EE149549-9D60-4111-8D48-476F0A2CEB29}
		{55900908-BC0D-4848-8532-23D018695685} = {EE149549-9D60-4111-8D48-476F0A2CEB29}
		{5A12A417-F7E3-4E1F-8184-1D78E5BB32CB} = {378F118A-A533-4399-A948-C350FD15B601}
		{46ED2C15-33F0-46CE-A658-C1F0F1B39712} = {378F118A-A533-4399-A948-C350FD15B601}
		{8B7ED675-672F-41F0-9DAF-6083FFE99C34} = {6D24F9C2-B542-4E57-8D20-9E5FA2B04462}
		{C98071D4-712B-436D-A7DB-DCFDF1D614AD} = {8B7ED675-672F-41F0-9DAF-6083FFE99C34}
		{96061494-9042-4044-82D3-E19301B7A90A} = {1BB1D074-7E2C-4B48-9ADB-0DD4C19031C3}
		{C26132F2-9103-4D96-AA7F-5F1B55B790F6} = {6D24F9C2-B542-4E57-8D20-9E5FA2B04462}
		{D7E7ECFF-2EFA-48AA-8151-7D23466657BF} = {C26132F2-9103-4D96-AA7F-5F1B55B790F6}
		{BDD5442D-5DB6-4D65-A333-7786737CFA6F} = {378F118A-A533-4399-A948-C350FD15B601}
		{35DB4600-E48A-493C-A405-6A506A7E0444} = {378F118A-A533-4399-A948-C350FD15B601}
		{2D370BDE-6B71-4447-B804-0AFE7FC3E61C} = {378F118A-A533-4399-A948-C350FD15B601}
	EndGlobalSection
	GlobalSection(ExtensibilityGlobals) = postSolution
		SolutionGuid = {5FD04B9A-9189-4DE2-94F5-80023D97929F}
	EndGlobalSection
EndGlobal
